# This file was autogenerated by uv via the following command:
#    uv pip compile requirements.txt -o requirements.lock
aiosqlite==0.20.0
    # via -r requirements.txt
alembic==1.18.4
    # via -r requirements.txt
annotated-types==0.7.0
    # via pydantic
anthropic==0.49.0
    # via -r requirements.txt
anyio==4.13.0
    # via
    #   anthropic
    #   google-genai
    #   httpx
    #   openai
    #   starlette
    #   watchfiles
asyncpg==0.30.0
    # via -r requirements.txt
beautifulsoup4==4.14.3
    # via
    #   yahooquery
    #   yfinance
cachetools==6.2.6
    # via pyiceberg
certifi==2026.4.22
    # via
    #   curl-cffi
    #   httpcore
    #   httpx
    #   requests
cffi==2.0.0
    # via
    #   cryptography
    #   curl-cffi
charset-normalizer==3.4.7
    # via requests
click==8.3.3
    # via
    #   pyiceberg
    #   uvicorn
colorama==0.4.6
    # via
    #   click
    #   pytest
    #   tqdm
    #   uvicorn
cryptography==47.0.0
    # via
    #   google-auth
    #   pyjwt
curl-cffi==0.15.0
    # via
    #   yahooquery
    #   yfinance
deprecation==2.1.0
    # via
    #   postgrest
    #   storage3
distro==1.9.0
    # via
    #   anthropic
    #   google-genai
    #   openai
fastapi==0.115.14
    # via -r requirements.txt
frozendict==2.4.7
    # via yfinance
fsspec==2026.3.0
    # via pyiceberg
google-auth==2.49.2
    # via google-genai
google-genai==1.73.1
    # via -r requirements.txt
greenlet==3.4.0
    # via sqlalchemy
gunicorn==23.0.0
    # via -r requirements.txt
h11==0.16.0
    # via
    #   httpcore
    #   uvicorn
h2==4.3.0
    # via httpx
hpack==4.1.0
    # via h2
httpcore==1.0.9
    # via httpx
httptools==0.7.1
    # via uvicorn
httpx==0.28.1
    # via
    #   -r requirements.txt
    #   anthropic
    #   google-genai
    #   openai
    #   postgrest
    #   storage3
    #   supabase
    #   supabase-auth
    #   supabase-functions
hyperframe==6.1.0
    # via h2
idna==3.13
    # via
    #   anyio
    #   httpx
    #   requests
    #   yarl
iniconfig==2.3.0
    # via pytest
jiter==0.14.0
    # via
    #   anthropic
    #   openai
lxml==5.4.0
    # via
    #   -r requirements.txt
    #   python-docx
    #   yahooquery
mako==1.3.11
    # via alembic
markdown-it-py==4.0.0
    # via rich
markupsafe==3.0.3
    # via mako
mdurl==0.1.2
    # via markdown-it-py
mmh3==5.2.1
    # via pyiceberg
multidict==6.7.1
    # via yarl
multitasking==0.0.13
    # via yfinance
numpy==2.4.4
    # via
    #   pandas
    #   yfinance
openai==1.109.1
    # via -r requirements.txt
packaging==26.2
    # via
    #   deprecation
    #   gunicorn
    #   pytest
pandas==3.0.2
    # via
    #   yahooquery
    #   yfinance
peewee==4.0.5
    # via yfinance
platformdirs==4.9.6
    # via yfinance
pluggy==1.6.0
    # via pytest
postgrest==2.29.0
    # via supabase
propcache==0.4.1
    # via yarl
protobuf==7.34.1
    # via yfinance
psutil==6.1.1
    # via -r requirements.txt
pyasn1==0.6.3
    # via pyasn1-modules
pyasn1-modules==0.4.2
    # via google-auth
pycparser==3.0
    # via cffi
pydantic==2.13.3
    # via
    #   -r requirements.txt
    #   anthropic
    #   fastapi
    #   google-genai
    #   openai
    #   postgrest
    #   pyiceberg
    #   realtime
    #   storage3
    #   supabase-auth
pydantic-core==2.46.3
    # via pydantic
pygments==2.20.0
    # via
    #   pytest
    #   rich
pyiceberg==0.11.1
    # via storage3
pyjwt==2.12.1
    # via
    #   -r requirements.txt
    #   supabase-auth
pymupdf==1.27.2.3
    # via -r requirements.txt
pyparsing==3.3.2
    # via pyiceberg
pypdf==6.10.2
    # via -r requirements.txt
pyroaring==1.1.0
    # via pyiceberg
pytest==8.4.2
    # via
    #   -r requirements.txt
    #   pytest-asyncio
    #   pytest-timeout
pytest-asyncio==0.24.0
    # via -r requirements.txt
pytest-timeout==2.4.0
    # via -r requirements.txt
python-dateutil==2.9.0.post0
    # via
    #   pandas
    #   strictyaml
python-docx==1.2.0
    # via -r requirements.txt
python-dotenv==1.2.2
    # via
    #   -r requirements.txt
    #   uvicorn
python-magic==0.4.27
    # via -r requirements.txt
python-multipart==0.0.26
    # via -r requirements.txt
pytz==2026.1.post1
    # via yfinance
pyyaml==6.0.3
    # via uvicorn
realtime==2.29.0
    # via supabase
redis==7.4.0
    # via -r requirements.txt
requests==2.33.1
    # via
    #   google-auth
    #   google-genai
    #   pyiceberg
    #   requests-futures
    #   stripe
    #   yfinance
requests-futures==1.0.2
    # via yahooquery
rich==14.3.4
    # via
    #   curl-cffi
    #   pyiceberg
asteval==0.9.32
    # via -r requirements.txt
six==1.17.0
    # via python-dateutil
sniffio==1.3.1
    # via
    #   anthropic
    #   google-genai
    #   openai
soupsieve==2.8.3
    # via beautifulsoup4
sqlalchemy==2.0.49
    # via
    #   -r requirements.txt
    #   alembic
starlette==0.46.2
    # via fastapi
storage3==2.29.0
    # via supabase
strenum==0.4.15
    # via supabase-functions
strictyaml==1.7.3
    # via pyiceberg
stripe==15.1.0
    # via -r requirements.txt
supabase==2.29.0
    # via -r requirements.txt
supabase-auth==2.29.0
    # via supabase
supabase-functions==2.29.0
    # via supabase
tenacity==9.1.4
    # via
    #   google-genai
    #   pyiceberg
tqdm==4.67.3
    # via
    #   openai
    #   yahooquery
typing-extensions==4.15.0
    # via
    #   aiosqlite
    #   alembic
    #   anthropic
    #   beautifulsoup4
    #   fastapi
    #   google-genai
    #   openai
    #   pydantic
    #   pydantic-core
    #   python-docx
    #   realtime
    #   sqlalchemy
    #   stripe
    #   typing-inspection
typing-inspection==0.4.2
    # via pydantic
tzdata==2026.2
    # via pandas
urllib3==2.6.3
    # via requests
uvicorn==0.34.3
    # via -r requirements.txt
watchfiles==1.1.1
    # via uvicorn
websockets==15.0.1
    # via
    #   google-genai
    #   realtime
    #   uvicorn
    #   yfinance
yahooquery==2.4.1
    # via -r requirements.txt
yarl==1.23.0
    # via
    #   postgrest
    #   storage3
    #   supabase
    #   supabase-functions
yfinance==0.2.66
    # via -r requirements.txt
zstandard==0.25.0
    # via pyiceberg
