# This file was autogenerated by uv via the following command:
#    uv pip compile requirements.txt -o requirements.lock --python-version 3.12
aiocircuitbreaker==2.0.0
    # via -r requirements.txt
aiosqlite==0.20.0
    # via -r requirements.txt
alembic==1.19.1
    # via -r requirements.txt
annotated-types==0.8.0
    # via pydantic
anthropic==0.49.0
    # via -r requirements.txt
anyio==4.14.2
    # via
    #   anthropic
    #   google-genai
    #   httpx
    #   openai
    #   starlette
    #   watchfiles
asteval==1.0.9
    # via -r requirements.txt
asyncpg==0.30.0
    # via -r requirements.txt
beautifulsoup4==4.15.0
    # via
    #   yahooquery
    #   yfinance
certifi==2026.7.22
    # via
    #   curl-cffi
    #   httpcore
    #   httpx
    #   requests
    #   sentry-sdk
cffi==2.1.1
    # via
    #   cryptography
    #   curl-cffi
charset-normalizer==3.5.0
    # via requests
click==8.4.2
    # via
    #   import-linter
    #   uvicorn
cryptography==50.0.0
    # via
    #   -r requirements.txt
    #   google-auth
    #   pyjwt
curl-cffi==0.16.0
    # via
    #   yahooquery
    #   yfinance
deprecation==2.1.0
    # via
    #   postgrest
    #   storage3
distro==1.9.0
    # via
    #   anthropic
    #   google-genai
    #   openai
execnet==2.1.2
    # via pytest-xdist
fastapi==0.116.2
    # via
    #   -r requirements.txt
    #   sentry-sdk
frozendict==2.4.7
    # via yfinance
google-auth==2.56.3
    # via google-genai
google-genai==1.75.0
    # via -r requirements.txt
greenlet==3.5.5
    # via sqlalchemy
grimp==3.15
    # via import-linter
gunicorn==23.0.0
    # via -r requirements.txt
h11==0.16.0
    # via
    #   httpcore
    #   uvicorn
h2==4.4.1
    # via httpx
hpack==4.2.0
    # via h2
httpcore==1.0.9
    # via httpx
httptools==0.8.0
    # via uvicorn
httpx==0.28.1
    # via
    #   -r requirements.txt
    #   anthropic
    #   google-genai
    #   openai
    #   postgrest
    #   storage3
    #   supabase
    #   supabase-auth
    #   supabase-functions
hyperframe==6.1.0
    # via h2
idna==3.18
    # via
    #   anyio
    #   httpx
    #   requests
    #   yarl
import-linter==2.13
    # via -r requirements.txt
iniconfig==2.3.0
    # via pytest
jiter==0.16.0
    # via
    #   anthropic
    #   openai
lxml==5.4.0
    # via
    #   -r requirements.txt
    #   python-docx
    #   yahooquery
mako==1.4.1
    # via alembic
markdown-it-py==4.2.0
    # via rich
markupsafe==3.0.3
    # via mako
mdurl==0.1.2
    # via markdown-it-py
multidict==6.7.1
    # via yarl
multitasking==0.0.13
    # via yfinance
numpy==2.5.2
    # via
    #   pandas
    #   yfinance
openai==1.109.1
    # via -r requirements.txt
packaging==26.3
    # via
    #   deprecation
    #   gunicorn
    #   pytest
pandas==3.0.5
    # via
    #   yahooquery
    #   yfinance
peewee==4.3.0
    # via yfinance
platformdirs==4.11.3
    # via yfinance
pluggy==1.6.0
    # via pytest
postgrest==2.31.0
    # via supabase
prometheus-client==0.26.0
    # via -r requirements.txt
propcache==0.5.2
    # via yarl
protobuf==7.35.1
    # via yfinance
psutil==7.2.2
    # via -r requirements.txt
pyasn1==0.6.4
    # via pyasn1-modules
pyasn1-modules==0.4.2
    # via google-auth
pycparser==3.0
    # via cffi
pydantic==2.13.4
    # via
    #   -r requirements.txt
    #   anthropic
    #   fastapi
    #   google-genai
    #   openai
    #   postgrest
    #   realtime
    #   storage3
    #   supabase-auth
pydantic-core==2.46.4
    # via pydantic
pygments==2.20.0
    # via
    #   pytest
    #   rich
pyjwt==2.13.0
    # via
    #   -r requirements.txt
    #   supabase-auth
pypdf==6.16.1
    # via -r requirements.txt
pytest==8.4.2
    # via
    #   -r requirements.txt
    #   pytest-asyncio
    #   pytest-timeout
    #   pytest-xdist
pytest-asyncio==0.24.0
    # via -r requirements.txt
pytest-timeout==2.4.0
    # via -r requirements.txt
pytest-xdist==3.8.0
    # via -r requirements.txt
python-dateutil==2.9.0.post0
    # via pandas
python-docx==1.2.0
    # via -r requirements.txt
python-dotenv==1.2.2
    # via
    #   -r requirements.txt
    #   uvicorn
python-magic==0.4.27
    # via -r requirements.txt
python-multipart==0.0.32
    # via -r requirements.txt
pytz==2026.3.post1
    # via yfinance
pyyaml==6.0.3
    # via uvicorn
realtime==2.31.0
    # via supabase
requests==2.34.2
    # via
    #   google-auth
    #   google-genai
    #   requests-futures
    #   stripe
    #   yfinance
requests-futures==1.0.2
    # via yahooquery
rich==15.0.0
    # via import-linter
sentry-sdk==2.68.0
    # via -r requirements.txt
six==1.17.0
    # via python-dateutil
sniffio==1.3.1
    # via
    #   anthropic
    #   google-genai
    #   openai
soupsieve==2.9.2
    # via beautifulsoup4
sqlalchemy==2.0.52
    # via
    #   -r requirements.txt
    #   alembic
starlette==0.48.0
    # via fastapi
storage3==2.31.0
    # via supabase
strenum==0.4.15
    # via supabase-functions
stripe==15.5.0
    # via -r requirements.txt
supabase==2.31.0
    # via -r requirements.txt
supabase-auth==2.31.0
    # via supabase
supabase-functions==2.31.0
    # via supabase
tenacity==8.5.0
    # via
    #   -r requirements.txt
    #   google-genai
tqdm==4.70.0
    # via
    #   openai
    #   yahooquery
typing-extensions==4.16.0
    # via
    #   aiosqlite
    #   alembic
    #   anthropic
    #   anyio
    #   beautifulsoup4
    #   fastapi
    #   google-genai
    #   import-linter
    #   openai
    #   pydantic
    #   pydantic-core
    #   python-docx
    #   realtime
    #   sqlalchemy
    #   starlette
    #   stripe
    #   typing-inspection
typing-inspection==0.4.4
    # via pydantic
urllib3==2.7.0
    # via
    #   requests
    #   sentry-sdk
uvicorn==0.34.3
    # via -r requirements.txt
uvloop==0.22.1
    # via uvicorn
valkey==6.1.1
    # via -r requirements.txt
watchfiles==1.2.0
    # via uvicorn
websockets==15.0.1
    # via
    #   google-genai
    #   realtime
    #   uvicorn
    #   yfinance
yahooquery==2.4.1
    # via -r requirements.txt
yarl==1.24.5
    # via
    #   postgrest
    #   storage3
    #   supabase
    #   supabase-functions
yfinance==0.2.66
    # via -r requirements.txt
